// !$*UTF8*$!
{
	archiveVersion = 1;
	classes = {
	};
	objectVersion = 56;
	objects = {

/* Begin PBXBuildFile section */
		AB08E2F12CC636FB00A661B6 /* AppDelegate.swift in Sources */ = {isa = PBXBuildFile; fileRef = AB08E2F02CC636FB00A661B6 /* AppDelegate.swift */; };
		AB08E2F32CC636FB00A661B6 /* SceneDelegate.swift in Sources */ = {isa = PBXBuildFile; fileRef = AB08E2F22CC636FB00A661B6 /* SceneDelegate.swift */; };
		AB08E2F52CC636FB00A661B6 /* MainViewController.swift in Sources */ = {isa = PBXBuildFile; fileRef = AB08E2F42CC636FB00A661B6 /* MainViewController.swift */; };
		AB08E2F82CC636FB00A661B6 /* Base in Resources */ = {isa = PBXBuildFile; fileRef = AB08E2F72CC636FB00A661B6 /* Base */; };
		AB08E2FA2CC636FC00A661B6 /* Assets.xcassets in Resources */ = {isa = PBXBuildFile; fileRef = AB08E2F92CC636FC00A661B6 /* Assets.xcassets */; };
		AB08E2FD2CC636FC00A661B6 /* Base in Resources */ = {isa = PBXBuildFile; fileRef = AB08E2FC2CC636FC00A661B6 /* Base */; };
		AB08E3062CC637CB00A661B6 /* Planet.swift in Sources */ = {isa = PBXBuildFile; fileRef = AB08E3052CC637CB00A661B6 /* Planet.swift */; };
		AB08E3092CC63E7000A661B6 /* PlanetCollectionViewCell.swift in Sources */ = {isa = PBXBuildFile; fileRef = AB08E3082CC63E7000A661B6 /* PlanetCollectionViewCell.swift */; };
		AB08E30B2CC7489200A661B6 /* PlanetDetailViewController.swift in Sources */ = {isa = PBXBuildFile; fileRef = AB08E30A2CC7489200A661B6 /* PlanetDetailViewController.swift */; };
		AB76CFCC2CC86A1A00F82C51 /* PlanetSummaryCollectionViewCell.swift in Sources */ = {isa = PBXBuildFile; fileRef = AB76CFCB2CC86A1A00F82C51 /* PlanetSummaryCollectionViewCell.swift */; };
		AB76CFCE2CC86C5D00F82C51 /* PlanetInfoCollectionViewCell.swift in Sources */ = {isa = PBXBuildFile; fileRef = AB76CFCD2CC86C5D00F82C51 /* PlanetInfoCollectionViewCell.swift */; };
		AB76CFD02CC86DFD00F82C51 /* SatelliteCollectionViewCell.swift in Sources */ = {isa = PBXBuildFile; fileRef = AB76CFCF2CC86DFD00F82C51 /* SatelliteCollectionViewCell.swift */; };
/* End PBXBuildFile section */

/* Begin PBXFileReference section */
		AB08E2ED2CC636FB00A661B6 /* PlanetPedia.app */ = {isa = PBXFileReference; explicitFileType = wrapper.application; includeInIndex = 0; path = PlanetPedia.app; sourceTree = BUILT_PRODUCTS_DIR; };
		AB08E2F02CC636FB00A661B6 /* AppDelegate.swift */ = {isa = PBXFileReference; lastKnownFileType = sourcecode.swift; path = AppDelegate.swift; sourceTree = "<group>"; };
		AB08E2F22CC636FB00A661B6 /* SceneDelegate.swift */ = {isa = PBXFileReference; lastKnownFileType = sourcecode.swift; path = SceneDelegate.swift; sourceTree = "<group>"; };
		AB08E2F42CC636FB00A661B6 /* MainViewController.swift */ = {isa = PBXFileReference; lastKnownFileType = sourcecode.swift; path = MainViewController.swift; sourceTree = "<group>"; };
		AB08E2F72CC636FB00A661B6 /* Base */ = {isa = PBXFileReference; lastKnownFileType = file.storyboard; name = Base; path = Base.lproj/Main.storyboard; sourceTree = "<group>"; };
		AB08E2F92CC636FC00A661B6 /* Assets.xcassets */ = {isa = PBXFileReference; lastKnownFileType = folder.assetcatalog; path = Assets.xcassets; sourceTree = "<group>"; };
		AB08E2FC2CC636FC00A661B6 /* Base */ = {isa = PBXFileReference; lastKnownFileType = file.storyboard; name = Base; path = Base.lproj/LaunchScreen.storyboard; sourceTree = "<group>"; };
		AB08E2FE2CC636FC00A661B6 /* Info.plist */ = {isa = PBXFileReference; lastKnownFileType = text.plist.xml; path = Info.plist; sourceTree = "<group>"; };
		AB08E3052CC637CB00A661B6 /* Planet.swift */ = {isa = PBXFileReference; lastKnownFileType = sourcecode.swift; path = Planet.swift; sourceTree = "<group>"; };
		AB08E3082CC63E7000A661B6 /* PlanetCollectionViewCell.swift */ = {isa = PBXFileReference; lastKnownFileType = sourcecode.swift; path = PlanetCollectionViewCell.swift; sourceTree = "<group>"; };
		AB08E30A2CC7489200A661B6 /* PlanetDetailViewController.swift */ = {isa = PBXFileReference; lastKnownFileType = sourcecode.swift; path = PlanetDetailViewController.swift; sourceTree = "<group>"; };
		AB76CFCB2CC86A1A00F82C51 /* PlanetSummaryCollectionViewCell.swift */ = {isa = PBXFileReference; lastKnownFileType = sourcecode.swift; path = PlanetSummaryCollectionViewCell.swift; sourceTree = "<group>"; };
		AB76CFCD2CC86C5D00F82C51 /* PlanetInfoCollectionViewCell.swift */ = {isa = PBXFileReference; lastKnownFileType = sourcecode.swift; path = PlanetInfoCollectionViewCell.swift; sourceTree = "<group>"; };
		AB76CFCF2CC86DFD00F82C51 /* SatelliteCollectionViewCell.swift */ = {isa = PBXFileReference; lastKnownFileType = sourcecode.swift; path = SatelliteCollectionViewCell.swift; sourceTree = "<group>"; };
/* End PBXFileReference section */

/* Begin PBXFrameworksBuildPhase section */
		AB08E2EA2CC636FB00A661B6 /* Frameworks */ = {
			isa = PBXFrameworksBuildPhase;
			buildActionMask = 2147483647;
			files = (
			);
			runOnlyForDeploymentPostprocessing = 0;
		};
/* End PBXFrameworksBuildPhase section */

/* Begin PBXGroup section */
		AB08E2E42CC636FB00A661B6 = {
			isa = PBXGroup;
			children = (
				AB08E2EF2CC636FB00A661B6 /* PlanetPedia */,
				AB08E2EE2CC636FB00A661B6 /* Products */,
			);
			sourceTree = "<group>";
		};
		AB08E2EE2CC636FB00A661B6 /* Products */ = {
			isa = PBXGroup;
			children = (
				AB08E2ED2CC636FB00A661B6 /* PlanetPedia.app */,
			);
			name = Products;
			sourceTree = "<group>";
		};
		AB08E2EF2CC636FB00A661B6 /* PlanetPedia */ = {
			isa = PBXGroup;
			children = (
				AB08E3072CC63E5400A661B6 /* Cell */,
				AB08E3042CC637BA00A661B6 /* Model */,
				AB08E2F02CC636FB00A661B6 /* AppDelegate.swift */,
				AB08E2F22CC636FB00A661B6 /* SceneDelegate.swift */,
				AB08E2F42CC636FB00A661B6 /* MainViewController.swift */,
				AB08E30A2CC7489200A661B6 /* PlanetDetailViewController.swift */,
				AB08E2F62CC636FB00A661B6 /* Main.storyboard */,
				AB08E2F92CC636FC00A661B6 /* Assets.xcassets */,
				AB08E2FB2CC636FC00A661B6 /* LaunchScreen.storyboard */,
				AB08E2FE2CC636FC00A661B6 /* Info.plist */,
			);
			path = PlanetPedia;
			sourceTree = "<group>";
		};
		AB08E3042CC637BA00A661B6 /* Model */ = {
			isa = PBXGroup;
			children = (
				AB08E3052CC637CB00A661B6 /* Planet.swift */,
			);
			path = Model;
			sourceTree = "<group>";
		};
		AB08E3072CC63E5400A661B6 /* Cell */ = {
			isa = PBXGroup;
			children = (
				AB08E3082CC63E7000A661B6 /* PlanetCollectionViewCell.swift */,
				AB76CFCB2CC86A1A00F82C51 /* PlanetSummaryCollectionViewCell.swift */,
				AB76CFCD2CC86C5D00F82C51 /* PlanetInfoCollectionViewCell.swift */,
				AB76CFCF2CC86DFD00F82C51 /* SatelliteCollectionViewCell.swift */,
			);
			path = Cell;
			sourceTree = "<group>";
		};
/* End PBXGroup section */

/* Begin PBXNativeTarget section */
		AB08E2EC2CC636FB00A661B6 /* PlanetPedia */ = {
			isa = PBXNativeTarget;
			buildConfigurationList = AB08E3012CC636FC00A661B6 /* Build configuration list for PBXNativeTarget "PlanetPedia" */;
			buildPhases = (
				AB08E2E92CC636FB00A661B6 /* Sources */,
				AB08E2EA2CC636FB00A661B6 /* Frameworks */,
				AB08E2EB2CC636FB00A661B6 /* Resources */,
			);
			buildRules = (
			);
			dependencies = (
			);
			name = PlanetPedia;
			productName = PlanetPedia;
			productReference = AB08E2ED2CC636FB00A661B6 /* PlanetPedia.app */;
			productType = "com.apple.product-type.application";
		};
/* End PBXNativeTarget section */

/* Begin PBXProject section */
		AB08E2E52CC636FB00A661B6 /* Project object */ = {
			isa = PBXProject;
			attributes = {
				BuildIndependentTargetsInParallel = 1;
				LastSwiftUpdateCheck = 1540;
				LastUpgradeCheck = 1540;
				TargetAttributes = {
					AB08E2EC2CC636FB00A661B6 = {
						CreatedOnToolsVersion = 15.4;
					};
				};
			};
			buildConfigurationList = AB08E2E82CC636FB00A661B6 /* Build configuration list for PBXProject "PlanetPedia" */;
			compatibilityVersion = "Xcode 14.0";
			developmentRegion = en;
			hasScannedForEncodings = 0;
			knownRegions = (
				en,
				Base,
			);
			mainGroup = AB08E2E42CC636FB00A661B6;
			productRefGroup = AB08E2EE2CC636FB00A661B6 /* Products */;
			projectDirPath = "";
			projectRoot = "";
			targets = (
				AB08E2EC2CC636FB00A661B6 /* PlanetPedia */,
			);
		};
/* End PBXProject section */

/* Begin PBXResourcesBuildPhase section */
		AB08E2EB2CC636FB00A661B6 /* Resources */ = {
			isa = PBXResourcesBuildPhase;
			buildActionMask = 2147483647;
			files = (
				AB08E2FA2CC636FC00A661B6 /* Assets.xcassets in Resources */,
				AB08E2FD2CC636FC00A661B6 /* Base in Resources */,
				AB08E2F82CC636FB00A661B6 /* Base in Resources */,
			);
			runOnlyForDeploymentPostprocessing = 0;
		};
/* End PBXResourcesBuildPhase section */

/* Begin PBXSourcesBuildPhase section */
		AB08E2E92CC636FB00A661B6 /* Sources */ = {
			isa = PBXSourcesBuildPhase;
			buildActionMask = 2147483647;
			files = (
				AB08E2F52CC636FB00A661B6 /* MainViewController.swift in Sources */,
				AB76CFD02CC86DFD00F82C51 /* SatelliteCollectionViewCell.swift in Sources */,
				AB08E2F12CC636FB00A661B6 /* AppDelegate.swift in Sources */,
				AB76CFCC2CC86A1A00F82C51 /* PlanetSummaryCollectionViewCell.swift in Sources */,
				AB08E3092CC63E7000A661B6 /* PlanetCollectionViewCell.swift in Sources */,
				AB76CFCE2CC86C5D00F82C51 /* PlanetInfoCollectionViewCell.swift in Sources */,
				AB08E2F32CC636FB00A661B6 /* SceneDelegate.swift in Sources */,
				AB08E30B2CC7489200A661B6 /* PlanetDetailViewController.swift in Sources */,
				AB08E3062CC637CB00A661B6 /* Planet.swift in Sources */,
			);
			runOnlyForDeploymentPostprocessing = 0;
		};
/* End PBXSourcesBuildPhase section */

/* Begin PBXVariantGroup section */
		AB08E2F62CC636FB00A661B6 /* Main.storyboard */ = {
			isa = PBXVariantGroup;
			children = (
				AB08E2F72CC636FB00A661B6 /* Base */,
			);
			name = Main.storyboard;
			sourceTree = "<group>";
		};
		AB08E2FB2CC636FC00A661B6 /* LaunchScreen.storyboard */ = {
			isa = PBXVariantGroup;
			children = (
				AB08E2FC2CC636FC00A661B6 /* Base */,
			);
			name = LaunchScreen.storyboard;
			sourceTree = "<group>";
		};
/* End PBXVariantGroup section */

/* Begin XCBuildConfiguration section */
		AB08E2FF2CC636FC00A661B6 /* Debug */ = {
			isa = XCBuildConfiguration;
			buildSettings = {
				ALWAYS_SEARCH_USER_PATHS = NO;
				ASSETCATALOG_COMPILER_GENERATE_SWIFT_ASSET_SYMBOL_EXTENSIONS = YES;
				CLANG_ANALYZER_NONNULL = YES;
				CLANG_ANALYZER_NUMBER_OBJECT_CONVERSION = YES_AGGRESSIVE;
				CLANG_CXX_LANGUAGE_STANDARD = "gnu++20";
				CLANG_ENABLE_MODULES = YES;
				CLANG_ENABLE_OBJC_ARC = YES;
				CLANG_ENABLE_OBJC_WEAK = YES;
				CLANG_WARN_BLOCK_CAPTURE_AUTORELEASING = YES;
				CLANG_WARN_BOOL_CONVERSION = YES;
				CLANG_WARN_COMMA = YES;
				CLANG_WARN_CONSTANT_CONVERSION = YES;
				CLANG_WARN_DEPRECATED_OBJC_IMPLEMENTATIONS = YES;
				CLANG_WARN_DIRECT_OBJC_ISA_USAGE = YES_ERROR;
				CLANG_WARN_DOCUMENTATION_COMMENTS = YES;
				CLANG_WARN_EMPTY_BODY = YES;
				CLANG_WARN_ENUM_CONVERSION = YES;
				CLANG_WARN_INFINITE_RECURSION = YES;
				CLANG_WARN_INT_CONVERSION = YES;
				CLANG_WARN_NON_LITERAL_NULL_CONVERSION = YES;
				CLANG_WARN_OBJC_IMPLICIT_RETAIN_SELF = YES;
				CLANG_WARN_OBJC_LITERAL_CONVERSION = YES;
				CLANG_WARN_OBJC_ROOT_CLASS = YES_ERROR;
				CLANG_WARN_QUOTED_INCLUDE_IN_FRAMEWORK_HEADER = YES;
				CLANG_WARN_RANGE_LOOP_ANALYSIS = YES;
				CLANG_WARN_STRICT_PROTOTYPES = YES;
				CLANG_WARN_SUSPICIOUS_MOVE = YES;
				CLANG_WARN_UNGUARDED_AVAILABILITY = YES_AGGRESSIVE;
				CLANG_WARN_UNREACHABLE_CODE = YES;
				CLANG_WARN__DUPLICATE_METHOD_MATCH = YES;
				COPY_PHASE_STRIP = NO;
				DEBUG_INFORMATION_FORMAT = dwarf;
				ENABLE_STRICT_OBJC_MSGSEND = YES;
				ENABLE_TESTABILITY = YES;
				ENABLE_USER_SCRIPT_SANDBOXING = YES;
				GCC_C_LANGUAGE_STANDARD = gnu17;
				GCC_DYNAMIC_NO_PIC = NO;
				GCC_NO_COMMON_BLOCKS = YES;
				GCC_OPTIMIZATION_LEVEL = 0;
				GCC_PREPROCESSOR_DEFINITIONS = (
					"DEBUG=1",
					"$(inherited)",
				);
				GCC_WARN_64_TO_32_BIT_CONVERSION = YES;
				GCC_WARN_ABOUT_RETURN_TYPE = YES_ERROR;
				GCC_WARN_UNDECLARED_SELECTOR = YES;
				GCC_WARN_UNINITIALIZED_AUTOS = YES_AGGRESSIVE;
				GCC_WARN_UNUSED_FUNCTION = YES;
				GCC_WARN_UNUSED_VARIABLE = YES;
				IPHONEOS_DEPLOYMENT_TARGET = 17.5;
				LOCALIZATION_PREFERS_STRING_CATALOGS = YES;
				MTL_ENABLE_DEBUG_INFO = INCLUDE_SOURCE;
				MTL_FAST_MATH = YES;
				ONLY_ACTIVE_ARCH = YES;
				SDKROOT = iphoneos;
				SWIFT_ACTIVE_COMPILATION_CONDITIONS = "DEBUG $(inherited)";
				SWIFT_OPTIMIZATION_LEVEL = "-Onone";
			};
			name = Debug;
		};
		AB08E3002CC636FC00A661B6 /* Release */ = {
			isa = XCBuildConfiguration;
			buildSettings = {
				ALWAYS_SEARCH_USER_PATHS = NO;
				ASSETCATALOG_COMPILER_GENERATE_SWIFT_ASSET_SYMBOL_EXTENSIONS = YES;
				CLANG_ANALYZER_NONNULL = YES;
				CLANG_ANALYZER_NUMBER_OBJECT_CONVERSION = YES_AGGRESSIVE;
				CLANG_CXX_LANGUAGE_STANDARD = "gnu++20";
				CLANG_ENABLE_MODULES = YES;
				CLANG_ENABLE_OBJC_ARC = YES;
				CLANG_ENABLE_OBJC_WEAK = YES;
				CLANG_WARN_BLOCK_CAPTURE_AUTORELEASING = YES;
				CLANG_WARN_BOOL_CONVERSION = YES;
				CLANG_WARN_COMMA = YES;
				CLANG_WARN_CONSTANT_CONVERSION = YES;
				CLANG_WARN_DEPRECATED_OBJC_IMPLEMENTATIONS = YES;
				CLANG_WARN_DIRECT_OBJC_ISA_USAGE = YES_ERROR;
				CLANG_WARN_DOCUMENTATION_COMMENTS = YES;
				CLANG_WARN_EMPTY_BODY = YES;
				CLANG_WARN_ENUM_CONVERSION = YES;
				CLANG_WARN_INFINITE_RECURSION = YES;
				CLANG_WARN_INT_CONVERSION = YES;
				CLANG_WARN_NON_LITERAL_NULL_CONVERSION = YES;
				CLANG_WARN_OBJC_IMPLICIT_RETAIN_SELF = YES;
				CLANG_WARN_OBJC_LITERAL_CONVERSION = YES;
				CLANG_WARN_OBJC_ROOT_CLASS = YES_ERROR;
				CLANG_WARN_QUOTED_INCLUDE_IN_FRAMEWORK_HEADER = YES;
				CLANG_WARN_RANGE_LOOP_ANALYSIS = YES;
				CLANG_WARN_STRICT_PROTOTYPES = YES;
				CLANG_WARN_SUSPICIOUS_MOVE = YES;
				CLANG_WARN_UNGUARDED_AVAILABILITY = YES_AGGRESSIVE;
				CLANG_WARN_UNREACHABLE_CODE = YES;
				CLANG_WARN__DUPLICATE_METHOD_MATCH = YES;
				COPY_PHASE_STRIP = NO;
				DEBUG_INFORMATION_FORMAT = "dwarf-with-dsym";
				ENABLE_NS_ASSERTIONS = NO;
				ENABLE_STRICT_OBJC_MSGSEND = YES;
				ENABLE_USER_SCRIPT_SANDBOXING = YES;
				GCC_C_LANGUAGE_STANDARD = gnu17;
				GCC_NO_COMMON_BLOCKS = YES;
				GCC_WARN_64_TO_32_BIT_CONVERSION = YES;
				GCC_WARN_ABOUT_RETURN_TYPE = YES_ERROR;
				GCC_WARN_UNDECLARED_SELECTOR = YES;
				GCC_WARN_UNINITIALIZED_AUTOS = YES_AGGRESSIVE;
				GCC_WARN_UNUSED_FUNCTION = YES;
				GCC_WARN_UNUSED_VARIABLE = YES;
				IPHONEOS_DEPLOYMENT_TARGET = 17.5;
				LOCALIZATION_PREFERS_STRING_CATALOGS = YES;
				MTL_ENABLE_DEBUG_INFO = NO;
				MTL_FAST_MATH = YES;
				SDKROOT = iphoneos;
				SWIFT_COMPILATION_MODE = wholemodule;
				VALIDATE_PRODUCT = YES;
			};
			name = Release;
		};
		AB08E3022CC636FC00A661B6 /* Debug */ = {
			isa = XCBuildConfiguration;
			buildSettings = {
				ASSETCATALOG_COMPILER_APPICON_NAME = AppIcon;
				ASSETCATALOG_COMPILER_GLOBAL_ACCENT_COLOR_NAME = AccentColor;
				CODE_SIGN_STYLE = Automatic;
				CURRENT_PROJECT_VERSION = 1;
				DEVELOPMENT_TEAM = 5KB7H88BWW;
				GENERATE_INFOPLIST_FILE = YES;
				INFOPLIST_FILE = PlanetPedia/Info.plist;
				INFOPLIST_KEY_UIApplicationSupportsIndirectInputEvents = YES;
				INFOPLIST_KEY_UILaunchStoryboardName = LaunchScreen;
				INFOPLIST_KEY_UIMainStoryboardFile = Main;
				INFOPLIST_KEY_UISupportedInterfaceOrientations_iPad = "UIInterfaceOrientationPortrait UIInterfaceOrientationPortraitUpsideDown UIInterfaceOrientationLandscapeLeft UIInterfaceOrientationLandscapeRight";
				INFOPLIST_KEY_UISupportedInterfaceOrientations_iPhone = "UIInterfaceOrientationPortrait UIInterfaceOrientationLandscapeLeft UIInterfaceOrientationLandscapeRight";
				IPHONEOS_DEPLOYMENT_TARGET = 15.0;
				LD_RUNPATH_SEARCH_PATHS = (
					"$(inherited)",
					"@executable_path/Frameworks",
				);
				MARKETING_VERSION = 1.0;
				PRODUCT_BUNDLE_IDENTIFIER = jeonyul.PlanetPedia;
				PRODUCT_NAME = "$(TARGET_NAME)";
				SWIFT_EMIT_LOC_STRINGS = YES;
				SWIFT_VERSION = 5.0;
				TARGETED_DEVICE_FAMILY = "1,2";
			};
			name = Debug;
		};
		AB08E3032CC636FC00A661B6 /* Release */ = {
			isa = XCBuildConfiguration;
			buildSettings = {
				ASSETCATALOG_COMPILER_APPICON_NAME = AppIcon;
				ASSETCATALOG_COMPILER_GLOBAL_ACCENT_COLOR_NAME = AccentColor;
				CODE_SIGN_STYLE = Automatic;
				CURRENT_PROJECT_VERSION = 1;
				DEVELOPMENT_TEAM = 5KB7H88BWW;
				GENERATE_INFOPLIST_FILE = YES;
				INFOPLIST_FILE = PlanetPedia/Info.plist;
				INFOPLIST_KEY_UIApplicationSupportsIndirectInputEvents = YES;
				INFOPLIST_KEY_UILaunchStoryboardName = LaunchScreen;
				INFOPLIST_KEY_UIMainStoryboardFile = Main;
				INFOPLIST_KEY_UISupportedInterfaceOrientations_iPad = "UIInterfaceOrientationPortrait UIInterfaceOrientationPortraitUpsideDown UIInterfaceOrientationLandscapeLeft UIInterfaceOrientationLandscapeRight";
				INFOPLIST_KEY_UISupportedInterfaceOrientations_iPhone = "UIInterfaceOrientationPortrait UIInterfaceOrientationLandscapeLeft UIInterfaceOrientationLandscapeRight";
				IPHONEOS_DEPLOYMENT_TARGET = 15.0;
				LD_RUNPATH_SEARCH_PATHS = (
					"$(inherited)",
					"@executable_path/Frameworks",
				);
				MARKETING_VERSION = 1.0;
				PRODUCT_BUNDLE_IDENTIFIER = jeonyul.PlanetPedia;
				PRODUCT_NAME = "$(TARGET_NAME)";
				SWIFT_EMIT_LOC_STRINGS = YES;
				SWIFT_VERSION = 5.0;
				TARGETED_DEVICE_FAMILY = "1,2";
			};
			name = Release;
		};
/* End XCBuildConfiguration section */

/* Begin XCConfigurationList section */
		AB08E2E82CC636FB00A661B6 /* Build configuration list for PBXProject "PlanetPedia" */ = {
			isa = XCConfigurationList;
			buildConfigurations = (
				AB08E2FF2CC636FC00A661B6 /* Debug */,
				AB08E3002CC636FC00A661B6 /* Release */,
			);
			defaultConfigurationIsVisible = 0;
			defaultConfigurationName = Release;
		};
		AB08E3012CC636FC00A661B6 /* Build configuration list for PBXNativeTarget "PlanetPedia" */ = {
			isa = XCConfigurationList;
			buildConfigurations = (
				AB08E3022CC636FC00A661B6 /* Debug */,
				AB08E3032CC636FC00A661B6 /* Release */,
			);
			defaultConfigurationIsVisible = 0;
			defaultConfigurationName = Release;
		};
/* End XCConfigurationList section */
	};
	rootObject = AB08E2E52CC636FB00A661B6 /* Project object */;
}
